
Microsoft Visual Studio Solution File, Format Version 12.00
# Visual Studio Version 16
VisualStudioVersion = 16.0.33130.400
MinimumVisualStudioVersion = 10.0.40219.1
Project("{FAE04EC0-301F-11D3-BF4B-00C04F79EFBC}") = "Unisoc AT", "sources\Unisoc AT.csproj", "{AA09CA07-9EB2-4FFD-8BDA-99A116643605}"
EndProject
Global
	GlobalSection(SolutionConfigurationPlatforms) = preSolution
		Debug|Any CPU = Debug|Any CPU
		Release|Any CPU = Release|Any CPU
	EndGlobalSection
	GlobalSection(ProjectConfigurationPlatforms) = postSolution
		{AA09CA07-9EB2-4FFD-8BDA-99A116643605}.Debug|Any CPU.ActiveCfg = Debug|Any CPU
		{AA09CA07-9EB2-4FFD-8BDA-99A116643605}.Debug|Any CPU.Build.0 = Debug|Any CPU
		{AA09CA07-9EB2-4FFD-8BDA-99A116643605}.Release|Any CPU.ActiveCfg = Release|Any CPU
		{AA09CA07-9EB2-4FFD-8BDA-99A116643605}.Release|Any CPU.Build.0 = Release|Any CPU
	EndGlobalSection
	GlobalSection(SolutionProperties) = preSolution
		HideSolutionNode = FALSE
	EndGlobalSection
	GlobalSection(ExtensibilityGlobals) = postSolution
		SolutionGuid = {5D92797F-D616-4A78-AAA2-69B1F1E0402D}
	EndGlobalSection
EndGlobal
